{
  "originHash" : "82207d03179db4dc77e9d0eb1577f0813eba1bce421bf16de57e871c13957eef",
  "pins" : [
    {
      "identity" : "asynctimer",
      "kind" : "remoteSourceControl",
      "location" : "https://github.com/codingiran/AsyncTimer.git",
      "state" : {
        "revision" : "5ec0ec37ab8058bfe946d9fccef15d0404199024",
        "version" : "0.0.4"
      }
    },
    {
      "identity" : "networkpathmonitor",
      "kind" : "remoteSourceControl",
      "location" : "https://github.com/codingiran/NetworkPathMonitor.git",
      "state" : {
        "revision" : "2425add3478838f9998fe2b185ece578c105bbba",
        "version" : "0.0.3"
      }
    },
    {
      "identity" : "starscream",
      "kind" : "remoteSourceControl",
      "location" : "https://github.com/daltoniam/Starscream.git",
      "state" : {
        "revision" : "c6bfd1af48efcc9a9ad203665db12375ba6b145a",
        "version" : "4.0.8"
      }
    }
  ],
  "version" : 3
}
