{
  "originHash" : "ad2c4e63dc462fde0425bc841ca0f53e1310c0d7bb71b3acba7eb0e1ca1dd995",
  "pins" : [
    {
      "identity" : "asynctimer",
      "kind" : "remoteSourceControl",
      "location" : "https://github.com/codingiran/AsyncTimer.git",
      "state" : {
        "revision" : "5ec0ec37ab8058bfe946d9fccef15d0404199024",
        "version" : "0.0.4"
      }
    },
    {
      "identity" : "networkpathmonitor",
      "kind" : "remoteSourceControl",
      "location" : "https://github.com/codingiran/NetworkPathMonitor.git",
      "state" : {
        "revision" : "2a8f690f8e18366c8fb2e67e298c6b3a551a2d53",
        "version" : "0.0.7"
      }
    }
  ],
  "version" : 3
}
