{
  "originHash" : "b45b7dc2d3b2ab023506e559a20eb5f64a0a02b6b925288ab697f8628321ca5d",
  "pins" : [
    {
      "identity" : "asynctimer",
      "kind" : "remoteSourceControl",
      "location" : "https://github.com/codingiran/AsyncTimer.git",
      "state" : {
        "revision" : "5ec0ec37ab8058bfe946d9fccef15d0404199024",
        "version" : "0.0.4"
      }
    },
    {
      "identity" : "networkpathmonitor",
      "kind" : "remoteSourceControl",
      "location" : "https://github.com/codingiran/NetworkPathMonitor.git",
      "state" : {
        "revision" : "2425add3478838f9998fe2b185ece578c105bbba",
        "version" : "0.0.3"
      }
    }
  ],
  "version" : 3
}
